github.com/robfig/cron v1.2.0 h1:ZjScXvvxeQ63Dbyxy76Fj3AT3Ut0aKsyd2/tl3DTMuQ=
github.com/robfig/cron v1.2.0/go.mod h1:JGuDeoQd7Z6yL4zQhZ3OPEVHB7fL6Ka6skscFHfmt2k=
github.com/scue/go-logrotate v0.0.0-20191111075321-24d66ce12a2a h1:n7WduZ3/OqdD5XIR5bLtbpzgWzotBV1rkXRTDqRytjE=
github.com/scue/go-logrotate v0.0.0-20191111075321-24d66ce12a2a/go.mod h1:dMksPR7YaahSF4l07hKRlEK6hlMDPavcTrp64HPhfkQ=
github.com/soluty/xlog v0.0.0-20200828083626-ff31a5b13c0b h1:Cdx7PqukexhYONifX1n9ZBSV6t53M3VL6n3FvtgyM+8=
github.com/soluty/xlog v0.0.0-20200828083626-ff31a5b13c0b/go.mod h1:GEZGeppt9g98mzXz+pB7KIxKvpUadBeUv1rZ2ujfijI=
